
Microsoft Visual Studio Solution File, Format Version 12.00
# Visual Studio Version 17
VisualStudioVersion = 17.3.32922.545
MinimumVisualStudioVersion = 10.0.40219.1
Project("{FAE04EC0-301F-11D3-BF4B-00C04F79EFBC}") = "GeekBurger.Products.Contract", "GeekBurger.Products.Contract\GeekBurger.Products.Contract.csproj", "{91E6E83F-1D09-488F-BA8B-B425FCDE318E}"
EndProject
Project("{FAE04EC0-301F-11D3-BF4B-00C04F79EFBC}") = "GeekBurger.Products", "GeekBurger.Products\GeekBurger.Products.csproj", "{66FCDB0B-AEAD-4EA2-B8E8-FFCF7F241CF0}"
EndProject
Global
	GlobalSection(SolutionConfigurationPlatforms) = preSolution
		Debug|Any CPU = Debug|Any CPU
		Release|Any CPU = Release|Any CPU
	EndGlobalSection
	GlobalSection(ProjectConfigurationPlatforms) = postSolution
		{91E6E83F-1D09-488F-BA8B-B425FCDE318E}.Debug|Any CPU.ActiveCfg = Debug|Any CPU
		{91E6E83F-1D09-488F-BA8B-B425FCDE318E}.Debug|Any CPU.Build.0 = Debug|Any CPU
		{91E6E83F-1D09-488F-BA8B-B425FCDE318E}.Release|Any CPU.ActiveCfg = Release|Any CPU
		{91E6E83F-1D09-488F-BA8B-B425FCDE318E}.Release|Any CPU.Build.0 = Release|Any CPU
		{66FCDB0B-AEAD-4EA2-B8E8-FFCF7F241CF0}.Debug|Any CPU.ActiveCfg = Debug|Any CPU
		{66FCDB0B-AEAD-4EA2-B8E8-FFCF7F241CF0}.Debug|Any CPU.Build.0 = Debug|Any CPU
		{66FCDB0B-AEAD-4EA2-B8E8-FFCF7F241CF0}.Release|Any CPU.ActiveCfg = Release|Any CPU
		{66FCDB0B-AEAD-4EA2-B8E8-FFCF7F241CF0}.Release|Any CPU.Build.0 = Release|Any CPU
	EndGlobalSection
	GlobalSection(SolutionProperties) = preSolution
		HideSolutionNode = FALSE
	EndGlobalSection
	GlobalSection(ExtensibilityGlobals) = postSolution
		SolutionGuid = {9DFC4D56-AD61-40A4-AE7C-0386385FC48B}
	EndGlobalSection
EndGlobal
